
Microsoft Visual Studio Solution File, Format Version 12.00
# Visual Studio 2013
VisualStudioVersion = 12.0.21005.1
MinimumVisualStudioVersion = 10.0.40219.1
Project("{FAE04EC0-301F-11D3-BF4B-00C04F79EFBC}") = "RemoteOperationLayerServerExample", "RemoteOperationLayerServerExample\RemoteOperationLayerServerExample.csproj", "{12330078-ED83-43DB-ABAD-7C2842947D21}"
EndProject
Project("{FAE04EC0-301F-11D3-BF4B-00C04F79EFBC}") = "RemoteOperationLayerClientExample", "RemoteOperationLayerClientExample\RemoteOperationLayerClientExample.csproj", "{0280EE28-E0CE-4955-98D1-DCD61C72805F}"
EndProject
Project("{FAE04EC0-301F-11D3-BF4B-00C04F79EFBC}") = "RemoteOperationLayer", "RemoteOperationLayer\RemoteOperationLayer.csproj", "{E9287C15-B18D-418C-AF88-3138CC302186}"
EndProject
Project("{FAE04EC0-301F-11D3-BF4B-00C04F79EFBC}") = "BusinessLogicInterfaces", "BusinessLogicInterfaces\BusinessLogicInterfaces.csproj", "{9A34F325-CF86-4651-A6FB-E5E27C192C91}"
EndProject
Global
	GlobalSection(SolutionConfigurationPlatforms) = preSolution
		Debug|Any CPU = Debug|Any CPU
		Release|Any CPU = Release|Any CPU
	EndGlobalSection
	GlobalSection(ProjectConfigurationPlatforms) = postSolution
		{0280EE28-E0CE-4955-98D1-DCD61C72805F}.Debug|Any CPU.ActiveCfg = Debug|Any CPU
		{0280EE28-E0CE-4955-98D1-DCD61C72805F}.Debug|Any CPU.Build.0 = Debug|Any CPU
		{0280EE28-E0CE-4955-98D1-DCD61C72805F}.Release|Any CPU.ActiveCfg = Release|Any CPU
		{0280EE28-E0CE-4955-98D1-DCD61C72805F}.Release|Any CPU.Build.0 = Release|Any CPU
		{E9287C15-B18D-418C-AF88-3138CC302186}.Debug|Any CPU.ActiveCfg = Debug|Any CPU
		{E9287C15-B18D-418C-AF88-3138CC302186}.Debug|Any CPU.Build.0 = Debug|Any CPU
		{E9287C15-B18D-418C-AF88-3138CC302186}.Release|Any CPU.ActiveCfg = Release|Any CPU
		{E9287C15-B18D-418C-AF88-3138CC302186}.Release|Any CPU.Build.0 = Release|Any CPU
		{12330078-ED83-43DB-ABAD-7C2842947D21}.Debug|Any CPU.ActiveCfg = Debug|Any CPU
		{12330078-ED83-43DB-ABAD-7C2842947D21}.Debug|Any CPU.Build.0 = Debug|Any CPU
		{12330078-ED83-43DB-ABAD-7C2842947D21}.Release|Any CPU.ActiveCfg = Release|Any CPU
		{12330078-ED83-43DB-ABAD-7C2842947D21}.Release|Any CPU.Build.0 = Release|Any CPU
		{9A34F325-CF86-4651-A6FB-E5E27C192C91}.Debug|Any CPU.ActiveCfg = Debug|Any CPU
		{9A34F325-CF86-4651-A6FB-E5E27C192C91}.Debug|Any CPU.Build.0 = Debug|Any CPU
		{9A34F325-CF86-4651-A6FB-E5E27C192C91}.Release|Any CPU.ActiveCfg = Release|Any CPU
		{9A34F325-CF86-4651-A6FB-E5E27C192C91}.Release|Any CPU.Build.0 = Release|Any CPU
	EndGlobalSection
	GlobalSection(SolutionProperties) = preSolution
		HideSolutionNode = FALSE
	EndGlobalSection
EndGlobal
